# THIS IS AN AUTOGENERATED FILE. DO NOT EDIT THIS FILE DIRECTLY.
# yarn lockfile v1


"@openzeppelin/contracts@^4.7.3":
  version "4.8.1"
  resolved "https://registry.yarnpkg.com/@openzeppelin/contracts/-/contracts-4.8.1.tgz#709cfc4bbb3ca9f4460d60101f15dac6b7a2d5e4"
  integrity sha512-xQ6eUZl+RDyb/FiZe1h+U7qr/f4p/SrTSQcTPH2bjur3C5DbuW/zFgCU/b1P/xcIaEqJep+9ju4xDRi3rmChdQ==
